// !$*UTF8*$!
{
	archiveVersion = 1;
	classes = {
	};
	objectVersion = 77;
	objects = {

/* Begin PBXBuildFile section */
		579BBDEE300A41EF00502145 /* WidgetKit.framework in Frameworks */ = {isa = PBXBuildFile; fileRef = 579BBDED300A41EF00502145 /* WidgetKit.framework */; };
		579BBDF0300A41EF00502145 /* SwiftUI.framework in Frameworks */ = {isa = PBXBuildFile; fileRef = 579BBDEF300A41EF00502145 /* SwiftUI.framework */; };
		579BBE01300A41F200502145 /* CoffeeMeterWidgetExtension.appex in Embed Foundation Extensions */ = {isa = PBXBuildFile; fileRef = 579BBDEB300A41EF00502145 /* CoffeeMeterWidgetExtension.appex */; settings = {ATTRIBUTES = (RemoveHeadersOnCopy, ); }; };
		579BBE85300A550F00502145 /* CoffeeMeterWatch Watch App.app in Embed Watch Content */ = {isa = PBXBuildFile; fileRef = 579BBE7B300A550D00502145 /* CoffeeMeterWatch Watch App.app */; settings = {ATTRIBUTES = (RemoveHeadersOnCopy, ); }; };
		579BBEC5300A5EA900502145 /* WidgetKit.framework in Frameworks */ = {isa = PBXBuildFile; fileRef = 579BBDED300A41EF00502145 /* WidgetKit.framework */; };
		579BBEC6300A5EA900502145 /* SwiftUI.framework in Frameworks */ = {isa = PBXBuildFile; fileRef = 579BBDEF300A41EF00502145 /* SwiftUI.framework */; };
		579BBED3300A5EAB00502145 /* CoffeeMeterWatchWidgetExtension.appex in Embed Foundation Extensions */ = {isa = PBXBuildFile; fileRef = 579BBEC4300A5EA900502145 /* CoffeeMeterWatchWidgetExtension.appex */; settings = {ATTRIBUTES = (RemoveHeadersOnCopy, ); }; };
		579BBF31300A879E00502145 /* FirebaseAnalytics in Frameworks */ = {isa = PBXBuildFile; productRef = 579BBF30300A879E00502145 /* FirebaseAnalytics */; };
		579BBF33300A879E00502145 /* FirebaseCrashlytics in Frameworks */ = {isa = PBXBuildFile; productRef = 579BBF32300A879E00502145 /* FirebaseCrashlytics */; };
/* End PBXBuildFile section */

/* Begin PBXContainerItemProxy section */
		579BBDFF300A41F200502145 /* PBXContainerItemProxy */ = {
			isa = PBXContainerItemProxy;
			containerPortal = 57AB94483007CB5F0023E995 /* Project object */;
			proxyType = 1;
			remoteGlobalIDString = 579BBDEA300A41EF00502145;
			remoteInfo = CoffeeMeterWidgetExtension;
		};
		579BBE83300A550F00502145 /* PBXContainerItemProxy */ = {
			isa = PBXContainerItemProxy;
			containerPortal = 57AB94483007CB5F0023E995 /* Project object */;
			proxyType = 1;
			remoteGlobalIDString = 579BBE7A300A550D00502145;
			remoteInfo = "CoffeeMeterWatch Watch App";
		};
		579BBED1300A5EAB00502145 /* PBXContainerItemProxy */ = {
			isa = PBXContainerItemProxy;
			containerPortal = 57AB94483007CB5F0023E995 /* Project object */;
			proxyType = 1;
			remoteGlobalIDString = 579BBEC3300A5EA900502145;
			remoteInfo = CoffeeMeterWatchWidgetExtension;
		};
		57AB94603007CB610023E995 /* PBXContainerItemProxy */ = {
			isa = PBXContainerItemProxy;
			containerPortal = 57AB94483007CB5F0023E995 /* Project object */;
			proxyType = 1;
			remoteGlobalIDString = 57AB944F3007CB5F0023E995;
			remoteInfo = "coffee meter";
		};
		57AB946A3007CB610023E995 /* PBXContainerItemProxy */ = {
			isa = PBXContainerItemProxy;
			containerPortal = 57AB94483007CB5F0023E995 /* Project object */;
			proxyType = 1;
			remoteGlobalIDString = 57AB944F3007CB5F0023E995;
			remoteInfo = "coffee meter";
		};
/* End PBXContainerItemProxy section */

/* Begin PBXCopyFilesBuildPhase section */
		579BBE06300A41F200502145 /* Embed Foundation Extensions */ = {
			isa = PBXCopyFilesBuildPhase;
			buildActionMask = 2147483647;
			dstPath = "";
			dstSubfolderSpec = 13;
			files = (
				579BBE01300A41F200502145 /* CoffeeMeterWidgetExtension.appex in Embed Foundation Extensions */,
			);
			name = "Embed Foundation Extensions";
			runOnlyForDeploymentPostprocessing = 0;
		};
		579BBE89300A550F00502145 /* Embed Watch Content */ = {
			isa = PBXCopyFilesBuildPhase;
			buildActionMask = 2147483647;
			dstPath = "$(CONTENTS_FOLDER_PATH)/Watch";
			dstSubfolderSpec = 16;
			files = (
				579BBE85300A550F00502145 /* CoffeeMeterWatch Watch App.app in Embed Watch Content */,
			);
			name = "Embed Watch Content";
			runOnlyForDeploymentPostprocessing = 0;
		};
		579BBED8300A5EAB00502145 /* Embed Foundation Extensions */ = {
			isa = PBXCopyFilesBuildPhase;
			buildActionMask = 2147483647;
			dstPath = "";
			dstSubfolderSpec = 13;
			files = (
				579BBED3300A5EAB00502145 /* CoffeeMeterWatchWidgetExtension.appex in Embed Foundation Extensions */,
			);
			name = "Embed Foundation Extensions";
			runOnlyForDeploymentPostprocessing = 0;
		};
/* End PBXCopyFilesBuildPhase section */

/* Begin PBXFileReference section */
		579BBDEB300A41EF00502145 /* CoffeeMeterWidgetExtension.appex */ = {isa = PBXFileReference; explicitFileType = "wrapper.app-extension"; includeInIndex = 0; path = CoffeeMeterWidgetExtension.appex; sourceTree = BUILT_PRODUCTS_DIR; };
		579BBDED300A41EF00502145 /* WidgetKit.framework */ = {isa = PBXFileReference; lastKnownFileType = wrapper.framework; name = WidgetKit.framework; path = System/Library/Frameworks/WidgetKit.framework; sourceTree = SDKROOT; };
		579BBDEF300A41EF00502145 /* SwiftUI.framework */ = {isa = PBXFileReference; lastKnownFileType = wrapper.framework; name = SwiftUI.framework; path = System/Library/Frameworks/SwiftUI.framework; sourceTree = SDKROOT; };
		579BBE76300A523400502145 /* CoffeeMeterWidgetExtension.entitlements */ = {isa = PBXFileReference; lastKnownFileType = text.plist.entitlements; path = CoffeeMeterWidgetExtension.entitlements; sourceTree = "<group>"; };
		579BBE7B300A550D00502145 /* CoffeeMeterWatch Watch App.app */ = {isa = PBXFileReference; explicitFileType = wrapper.application; includeInIndex = 0; path = "CoffeeMeterWatch Watch App.app"; sourceTree = BUILT_PRODUCTS_DIR; };
		579BBEC4300A5EA900502145 /* CoffeeMeterWatchWidgetExtension.appex */ = {isa = PBXFileReference; explicitFileType = "wrapper.app-extension"; includeInIndex = 0; path = CoffeeMeterWatchWidgetExtension.appex; sourceTree = BUILT_PRODUCTS_DIR; };
		579BBED9300A5EC000502145 /* CoffeeMeterWatchWidgetExtension.entitlements */ = {isa = PBXFileReference; lastKnownFileType = text.plist.entitlements; path = CoffeeMeterWatchWidgetExtension.entitlements; sourceTree = "<group>"; };
		57AB94503007CB5F0023E995 /* coffee meter.app */ = {isa = PBXFileReference; explicitFileType = wrapper.application; includeInIndex = 0; path = "coffee meter.app"; sourceTree = BUILT_PRODUCTS_DIR; };
		57AB945F3007CB610023E995 /* coffee meterTests.xctest */ = {isa = PBXFileReference; explicitFileType = wrapper.cfbundle; includeInIndex = 0; path = "coffee meterTests.xctest"; sourceTree = BUILT_PRODUCTS_DIR; };
		57AB94693007CB610023E995 /* coffee meterUITests.xctest */ = {isa = PBXFileReference; explicitFileType = wrapper.cfbundle; includeInIndex = 0; path = "coffee meterUITests.xctest"; sourceTree = BUILT_PRODUCTS_DIR; };
/* End PBXFileReference section */

/* Begin PBXFileSystemSynchronizedBuildFileExceptionSet section */
		579BBE02300A41F200502145 /* Exceptions for "CoffeeMeterWidget" folder in "CoffeeMeterWidgetExtension" target */ = {
			isa = PBXFileSystemSynchronizedBuildFileExceptionSet;
			membershipExceptions = (
				Info.plist,
			);
			target = 579BBDEA300A41EF00502145 /* CoffeeMeterWidgetExtension */;
		};
		579BBED4300A5EAB00502145 /* Exceptions for "CoffeeMeterWatchWidget" folder in "CoffeeMeterWatchWidgetExtension" target */ = {
			isa = PBXFileSystemSynchronizedBuildFileExceptionSet;
			membershipExceptions = (
				Info.plist,
			);
			target = 579BBEC3300A5EA900502145 /* CoffeeMeterWatchWidgetExtension */;
		};
/* End PBXFileSystemSynchronizedBuildFileExceptionSet section */

/* Begin PBXFileSystemSynchronizedRootGroup section */
		579BBDF1300A41EF00502145 /* CoffeeMeterWidget */ = {
			isa = PBXFileSystemSynchronizedRootGroup;
			exceptions = (
				579BBE02300A41F200502145 /* Exceptions for "CoffeeMeterWidget" folder in "CoffeeMeterWidgetExtension" target */,
			);
			path = CoffeeMeterWidget;
			sourceTree = "<group>";
		};
		579BBDF2300A41EF00502146 /* Shared */ = {
			isa = PBXFileSystemSynchronizedRootGroup;
			path = Shared;
			sourceTree = "<group>";
		};
		579BBE7C300A550D00502145 /* CoffeeMeterWatch Watch App */ = {
			isa = PBXFileSystemSynchronizedRootGroup;
			path = "CoffeeMeterWatch Watch App";
			sourceTree = "<group>";
		};
		579BBEC7300A5EA900502145 /* CoffeeMeterWatchWidget */ = {
			isa = PBXFileSystemSynchronizedRootGroup;
			exceptions = (
				579BBED4300A5EAB00502145 /* Exceptions for "CoffeeMeterWatchWidget" folder in "CoffeeMeterWatchWidgetExtension" target */,
			);
			path = CoffeeMeterWatchWidget;
			sourceTree = "<group>";
		};
		57AB94523007CB5F0023E995 /* coffee meter */ = {
			isa = PBXFileSystemSynchronizedRootGroup;
			path = "coffee meter";
			sourceTree = "<group>";
		};
		57AB94623007CB610023E995 /* coffee meterTests */ = {
			isa = PBXFileSystemSynchronizedRootGroup;
			path = "coffee meterTests";
			sourceTree = "<group>";
		};
		57AB946C3007CB610023E995 /* coffee meterUITests */ = {
			isa = PBXFileSystemSynchronizedRootGroup;
			path = "coffee meterUITests";
			sourceTree = "<group>";
		};
/* End PBXFileSystemSynchronizedRootGroup section */

/* Begin PBXFrameworksBuildPhase section */
		579BBDE8300A41EF00502145 /* Frameworks */ = {
			isa = PBXFrameworksBuildPhase;
			buildActionMask = 2147483647;
			files = (
				579BBDF0300A41EF00502145 /* SwiftUI.framework in Frameworks */,
				579BBDEE300A41EF00502145 /* WidgetKit.framework in Frameworks */,
			);
			runOnlyForDeploymentPostprocessing = 0;
		};
		579BBE78300A550D00502145 /* Frameworks */ = {
			isa = PBXFrameworksBuildPhase;
			buildActionMask = 2147483647;
			files = (
			);
			runOnlyForDeploymentPostprocessing = 0;
		};
		579BBEC1300A5EA900502145 /* Frameworks */ = {
			isa = PBXFrameworksBuildPhase;
			buildActionMask = 2147483647;
			files = (
				579BBEC6300A5EA900502145 /* SwiftUI.framework in Frameworks */,
				579BBEC5300A5EA900502145 /* WidgetKit.framework in Frameworks */,
			);
			runOnlyForDeploymentPostprocessing = 0;
		};
		57AB944D3007CB5F0023E995 /* Frameworks */ = {
			isa = PBXFrameworksBuildPhase;
			buildActionMask = 2147483647;
			files = (
				579BBF31300A879E00502145 /* FirebaseAnalytics in Frameworks */,
				579BBF33300A879E00502145 /* FirebaseCrashlytics in Frameworks */,
			);
			runOnlyForDeploymentPostprocessing = 0;
		};
		57AB945C3007CB610023E995 /* Frameworks */ = {
			isa = PBXFrameworksBuildPhase;
			buildActionMask = 2147483647;
			files = (
			);
			runOnlyForDeploymentPostprocessing = 0;
		};
		57AB94663007CB610023E995 /* Frameworks */ = {
			isa = PBXFrameworksBuildPhase;
			buildActionMask = 2147483647;
			files = (
			);
			runOnlyForDeploymentPostprocessing = 0;
		};
/* End PBXFrameworksBuildPhase section */

/* Begin PBXGroup section */
		579BBDEC300A41EF00502145 /* Frameworks */ = {
			isa = PBXGroup;
			children = (
				579BBDED300A41EF00502145 /* WidgetKit.framework */,
				579BBDEF300A41EF00502145 /* SwiftUI.framework */,
			);
			name = Frameworks;
			sourceTree = "<group>";
		};
		579BBE4C300A489D00502145 /* Recovered References */ = {
			isa = PBXGroup;
			children = (
				579BBDF2300A41EF00502146 /* Shared */,
			);
			name = "Recovered References";
			sourceTree = "<group>";
		};
		57AB94473007CB5F0023E995 = {
			isa = PBXGroup;
			children = (
				579BBED9300A5EC000502145 /* CoffeeMeterWatchWidgetExtension.entitlements */,
				579BBE76300A523400502145 /* CoffeeMeterWidgetExtension.entitlements */,
				57AB94523007CB5F0023E995 /* coffee meter */,
				57AB94623007CB610023E995 /* coffee meterTests */,
				57AB946C3007CB610023E995 /* coffee meterUITests */,
				579BBDF1300A41EF00502145 /* CoffeeMeterWidget */,
				579BBE7C300A550D00502145 /* CoffeeMeterWatch Watch App */,
				579BBEC7300A5EA900502145 /* CoffeeMeterWatchWidget */,
				579BBDEC300A41EF00502145 /* Frameworks */,
				57AB94513007CB5F0023E995 /* Products */,
				579BBE4C300A489D00502145 /* Recovered References */,
			);
			sourceTree = "<group>";
		};
		57AB94513007CB5F0023E995 /* Products */ = {
			isa = PBXGroup;
			children = (
				57AB94503007CB5F0023E995 /* coffee meter.app */,
				57AB945F3007CB610023E995 /* coffee meterTests.xctest */,
				57AB94693007CB610023E995 /* coffee meterUITests.xctest */,
				579BBDEB300A41EF00502145 /* CoffeeMeterWidgetExtension.appex */,
				579BBE7B300A550D00502145 /* CoffeeMeterWatch Watch App.app */,
				579BBEC4300A5EA900502145 /* CoffeeMeterWatchWidgetExtension.appex */,
			);
			name = Products;
			sourceTree = "<group>";
		};
/* End PBXGroup section */

/* Begin PBXNativeTarget section */
		579BBDEA300A41EF00502145 /* CoffeeMeterWidgetExtension */ = {
			isa = PBXNativeTarget;
			buildConfigurationList = 579BBE03300A41F200502145 /* Build configuration list for PBXNativeTarget "CoffeeMeterWidgetExtension" */;
			buildPhases = (
				579BBDE7300A41EF00502145 /* Sources */,
				579BBDE8300A41EF00502145 /* Frameworks */,
				579BBDE9300A41EF00502145 /* Resources */,
			);
			buildRules = (
			);
			dependencies = (
			);
			fileSystemSynchronizedGroups = (
				579BBDF1300A41EF00502145 /* CoffeeMeterWidget */,
				579BBDF2300A41EF00502146 /* Shared */,
			);
			name = CoffeeMeterWidgetExtension;
			packageProductDependencies = (
			);
			productName = CoffeeMeterWidgetExtension;
			productReference = 579BBDEB300A41EF00502145 /* CoffeeMeterWidgetExtension.appex */;
			productType = "com.apple.product-type.app-extension";
		};
		579BBE7A300A550D00502145 /* CoffeeMeterWatch Watch App */ = {
			isa = PBXNativeTarget;
			buildConfigurationList = 579BBE86300A550F00502145 /* Build configuration list for PBXNativeTarget "CoffeeMeterWatch Watch App" */;
			buildPhases = (
				579BBE77300A550D00502145 /* Sources */,
				579BBE78300A550D00502145 /* Frameworks */,
				579BBE79300A550D00502145 /* Resources */,
				579BBED8300A5EAB00502145 /* Embed Foundation Extensions */,
			);
			buildRules = (
			);
			dependencies = (
				579BBED2300A5EAB00502145 /* PBXTargetDependency */,
			);
			fileSystemSynchronizedGroups = (
				579BBDF2300A41EF00502146 /* Shared */,
				579BBE7C300A550D00502145 /* CoffeeMeterWatch Watch App */,
			);
			name = "CoffeeMeterWatch Watch App";
			packageProductDependencies = (
			);
			productName = "CoffeeMeterWatch Watch App";
			productReference = 579BBE7B300A550D00502145 /* CoffeeMeterWatch Watch App.app */;
			productType = "com.apple.product-type.application";
		};
		579BBEC3300A5EA900502145 /* CoffeeMeterWatchWidgetExtension */ = {
			isa = PBXNativeTarget;
			buildConfigurationList = 579BBED5300A5EAB00502145 /* Build configuration list for PBXNativeTarget "CoffeeMeterWatchWidgetExtension" */;
			buildPhases = (
				579BBEC0300A5EA900502145 /* Sources */,
				579BBEC1300A5EA900502145 /* Frameworks */,
				579BBEC2300A5EA900502145 /* Resources */,
			);
			buildRules = (
			);
			dependencies = (
			);
			fileSystemSynchronizedGroups = (
				579BBDF2300A41EF00502146 /* Shared */,
				579BBEC7300A5EA900502145 /* CoffeeMeterWatchWidget */,
			);
			name = CoffeeMeterWatchWidgetExtension;
			packageProductDependencies = (
			);
			productName = CoffeeMeterWatchWidgetExtension;
			productReference = 579BBEC4300A5EA900502145 /* CoffeeMeterWatchWidgetExtension.appex */;
			productType = "com.apple.product-type.app-extension";
		};
		57AB944F3007CB5F0023E995 /* coffee meter */ = {
			isa = PBXNativeTarget;
			buildConfigurationList = 57AB94733007CB610023E995 /* Build configuration list for PBXNativeTarget "coffee meter" */;
			buildPhases = (
				57AB944C3007CB5F0023E995 /* Sources */,
				57AB944D3007CB5F0023E995 /* Frameworks */,
				57AB944E3007CB5F0023E995 /* Resources */,
				579BBE06300A41F200502145 /* Embed Foundation Extensions */,
				579BBF27300A7BF600502145 /* ShellScript */,
				579BBE89300A550F00502145 /* Embed Watch Content */,
			);
			buildRules = (
			);
			dependencies = (
				579BBE00300A41F200502145 /* PBXTargetDependency */,
				579BBE84300A550F00502145 /* PBXTargetDependency */,
			);
			fileSystemSynchronizedGroups = (
				579BBDF2300A41EF00502146 /* Shared */,
				57AB94523007CB5F0023E995 /* coffee meter */,
			);
			name = "coffee meter";
			packageProductDependencies = (
				579BBF30300A879E00502145 /* FirebaseAnalytics */,
				579BBF32300A879E00502145 /* FirebaseCrashlytics */,
			);
			productName = "coffee meter";
			productReference = 57AB94503007CB5F0023E995 /* coffee meter.app */;
			productType = "com.apple.product-type.application";
		};
		57AB945E3007CB610023E995 /* coffee meterTests */ = {
			isa = PBXNativeTarget;
			buildConfigurationList = 57AB94763007CB610023E995 /* Build configuration list for PBXNativeTarget "coffee meterTests" */;
			buildPhases = (
				57AB945B3007CB610023E995 /* Sources */,
				57AB945C3007CB610023E995 /* Frameworks */,
				57AB945D3007CB610023E995 /* Resources */,
			);
			buildRules = (
			);
			dependencies = (
				57AB94613007CB610023E995 /* PBXTargetDependency */,
			);
			fileSystemSynchronizedGroups = (
				57AB94623007CB610023E995 /* coffee meterTests */,
			);
			name = "coffee meterTests";
			packageProductDependencies = (
			);
			productName = "coffee meterTests";
			productReference = 57AB945F3007CB610023E995 /* coffee meterTests.xctest */;
			productType = "com.apple.product-type.bundle.unit-test";
		};
		57AB94683007CB610023E995 /* coffee meterUITests */ = {
			isa = PBXNativeTarget;
			buildConfigurationList = 57AB94793007CB610023E995 /* Build configuration list for PBXNativeTarget "coffee meterUITests" */;
			buildPhases = (
				57AB94653007CB610023E995 /* Sources */,
				57AB94663007CB610023E995 /* Frameworks */,
				57AB94673007CB610023E995 /* Resources */,
			);
			buildRules = (
			);
			dependencies = (
				57AB946B3007CB610023E995 /* PBXTargetDependency */,
			);
			fileSystemSynchronizedGroups = (
				57AB946C3007CB610023E995 /* coffee meterUITests */,
			);
			name = "coffee meterUITests";
			packageProductDependencies = (
			);
			productName = "coffee meterUITests";
			productReference = 57AB94693007CB610023E995 /* coffee meterUITests.xctest */;
			productType = "com.apple.product-type.bundle.ui-testing";
		};
/* End PBXNativeTarget section */

/* Begin PBXProject section */
		57AB94483007CB5F0023E995 /* Project object */ = {
			isa = PBXProject;
			attributes = {
				BuildIndependentTargetsInParallel = 1;
				LastSwiftUpdateCheck = 2660;
				LastUpgradeCheck = 2660;
				TargetAttributes = {
					579BBDEA300A41EF00502145 = {
						CreatedOnToolsVersion = 26.6;
					};
					579BBE7A300A550D00502145 = {
						CreatedOnToolsVersion = 26.6;
					};
					579BBEC3300A5EA900502145 = {
						CreatedOnToolsVersion = 26.6;
					};
					57AB944F3007CB5F0023E995 = {
						CreatedOnToolsVersion = 26.6;
					};
					57AB945E3007CB610023E995 = {
						CreatedOnToolsVersion = 26.6;
						TestTargetID = 57AB944F3007CB5F0023E995;
					};
					57AB94683007CB610023E995 = {
						CreatedOnToolsVersion = 26.6;
						TestTargetID = 57AB944F3007CB5F0023E995;
					};
				};
			};
			buildConfigurationList = 57AB944B3007CB5F0023E995 /* Build configuration list for PBXProject "coffee meter" */;
			developmentRegion = en;
			hasScannedForEncodings = 0;
			knownRegions = (
				en,
				Base,
				uk,
			);
			mainGroup = 57AB94473007CB5F0023E995;
			minimizedProjectReferenceProxies = 1;
			packageReferences = (
				579BBF2F300A879E00502145 /* XCRemoteSwiftPackageReference "firebase-ios-sdk" */,
			);
			preferredProjectObjectVersion = 77;
			productRefGroup = 57AB94513007CB5F0023E995 /* Products */;
			projectDirPath = "";
			projectRoot = "";
			targets = (
				57AB944F3007CB5F0023E995 /* coffee meter */,
				57AB945E3007CB610023E995 /* coffee meterTests */,
				57AB94683007CB610023E995 /* coffee meterUITests */,
				579BBDEA300A41EF00502145 /* CoffeeMeterWidgetExtension */,
				579BBE7A300A550D00502145 /* CoffeeMeterWatch Watch App */,
				579BBEC3300A5EA900502145 /* CoffeeMeterWatchWidgetExtension */,
			);
		};
/* End PBXProject section */

/* Begin PBXResourcesBuildPhase section */
		579BBDE9300A41EF00502145 /* Resources */ = {
			isa = PBXResourcesBuildPhase;
			buildActionMask = 2147483647;
			files = (
			);
			runOnlyForDeploymentPostprocessing = 0;
		};
		579BBE79300A550D00502145 /* Resources */ = {
			isa = PBXResourcesBuildPhase;
			buildActionMask = 2147483647;
			files = (
			);
			runOnlyForDeploymentPostprocessing = 0;
		};
		579BBEC2300A5EA900502145 /* Resources */ = {
			isa = PBXResourcesBuildPhase;
			buildActionMask = 2147483647;
			files = (
			);
			runOnlyForDeploymentPostprocessing = 0;
		};
		57AB944E3007CB5F0023E995 /* Resources */ = {
			isa = PBXResourcesBuildPhase;
			buildActionMask = 2147483647;
			files = (
			);
			runOnlyForDeploymentPostprocessing = 0;
		};
		57AB945D3007CB610023E995 /* Resources */ = {
			isa = PBXResourcesBuildPhase;
			buildActionMask = 2147483647;
			files = (
			);
			runOnlyForDeploymentPostprocessing = 0;
		};
		57AB94673007CB610023E995 /* Resources */ = {
			isa = PBXResourcesBuildPhase;
			buildActionMask = 2147483647;
			files = (
			);
			runOnlyForDeploymentPostprocessing = 0;
		};
/* End PBXResourcesBuildPhase section */

/* Begin PBXShellScriptBuildPhase section */
		579BBF27300A7BF600502145 /* ShellScript */ = {
			isa = PBXShellScriptBuildPhase;
			buildActionMask = 2147483647;
			files = (
			);
			inputFileListPaths = (
			);
			inputPaths = (
				"${DWARF_DSYM_FOLDER_PATH}/${DWARF_DSYM_FILE_NAME}/Contents/Resources/DWARF/${TARGET_NAME}",
			);
			outputFileListPaths = (
			);
			outputPaths = (
			);
			runOnlyForDeploymentPostprocessing = 0;
			shellPath = /bin/sh;
			shellScript = "if [ \"${CONFIGURATION}\" = \"Debug\" ]; then\n    exit 0\nfi\n ${BUILD_DIR%/Build/*}/SourcePackages/checkouts/firebase-ios-sdk/Crashlytics/run\n";
		};
/* End PBXShellScriptBuildPhase section */

/* Begin PBXSourcesBuildPhase section */
		579BBDE7300A41EF00502145 /* Sources */ = {
			isa = PBXSourcesBuildPhase;
			buildActionMask = 2147483647;
			files = (
			);
			runOnlyForDeploymentPostprocessing = 0;
		};
		579BBE77300A550D00502145 /* Sources */ = {
			isa = PBXSourcesBuildPhase;
			buildActionMask = 2147483647;
			files = (
			);
			runOnlyForDeploymentPostprocessing = 0;
		};
		579BBEC0300A5EA900502145 /* Sources */ = {
			isa = PBXSourcesBuildPhase;
			buildActionMask = 2147483647;
			files = (
			);
			runOnlyForDeploymentPostprocessing = 0;
		};
		57AB944C3007CB5F0023E995 /* Sources */ = {
			isa = PBXSourcesBuildPhase;
			buildActionMask = 2147483647;
			files = (
			);
			runOnlyForDeploymentPostprocessing = 0;
		};
		57AB945B3007CB610023E995 /* Sources */ = {
			isa = PBXSourcesBuildPhase;
			buildActionMask = 2147483647;
			files = (
			);
			runOnlyForDeploymentPostprocessing = 0;
		};
		57AB94653007CB610023E995 /* Sources */ = {
			isa = PBXSourcesBuildPhase;
			buildActionMask = 2147483647;
			files = (
			);
			runOnlyForDeploymentPostprocessing = 0;
		};
/* End PBXSourcesBuildPhase section */

/* Begin PBXTargetDependency section */
		579BBE00300A41F200502145 /* PBXTargetDependency */ = {
			isa = PBXTargetDependency;
			target = 579BBDEA300A41EF00502145 /* CoffeeMeterWidgetExtension */;
			targetProxy = 579BBDFF300A41F200502145 /* PBXContainerItemProxy */;
		};
		579BBE84300A550F00502145 /* PBXTargetDependency */ = {
			isa = PBXTargetDependency;
			target = 579BBE7A300A550D00502145 /* CoffeeMeterWatch Watch App */;
			targetProxy = 579BBE83300A550F00502145 /* PBXContainerItemProxy */;
		};
		579BBED2300A5EAB00502145 /* PBXTargetDependency */ = {
			isa = PBXTargetDependency;
			target = 579BBEC3300A5EA900502145 /* CoffeeMeterWatchWidgetExtension */;
			targetProxy = 579BBED1300A5EAB00502145 /* PBXContainerItemProxy */;
		};
		57AB94613007CB610023E995 /* PBXTargetDependency */ = {
			isa = PBXTargetDependency;
			target = 57AB944F3007CB5F0023E995 /* coffee meter */;
			targetProxy = 57AB94603007CB610023E995 /* PBXContainerItemProxy */;
		};
		57AB946B3007CB610023E995 /* PBXTargetDependency */ = {
			isa = PBXTargetDependency;
			target = 57AB944F3007CB5F0023E995 /* coffee meter */;
			targetProxy = 57AB946A3007CB610023E995 /* PBXContainerItemProxy */;
		};
/* End PBXTargetDependency section */

/* Begin XCBuildConfiguration section */
		579BBE04300A41F200502145 /* Debug */ = {
			isa = XCBuildConfiguration;
			buildSettings = {
				ASSETCATALOG_COMPILER_GLOBAL_ACCENT_COLOR_NAME = AccentColor;
				ASSETCATALOG_COMPILER_WIDGET_BACKGROUND_COLOR_NAME = WidgetBackground;
				CODE_SIGN_ENTITLEMENTS = CoffeeMeterWidgetExtension.entitlements;
				CODE_SIGN_STYLE = Automatic;
				CURRENT_PROJECT_VERSION = 1;
				DEVELOPMENT_TEAM = CUZML8R4QZ;
				GENERATE_INFOPLIST_FILE = YES;
				INFOPLIST_FILE = CoffeeMeterWidget/Info.plist;
				INFOPLIST_KEY_CFBundleDisplayName = CoffeeMeterWidget;
				INFOPLIST_KEY_NSHumanReadableCopyright = "";
				IPHONEOS_DEPLOYMENT_TARGET = 26.5;
				LD_RUNPATH_SEARCH_PATHS = (
					"$(inherited)",
					"@executable_path/Frameworks",
					"@executable_path/../../Frameworks",
				);
				MARKETING_VERSION = 1.0;
				PRODUCT_BUNDLE_IDENTIFIER = "useless.com.coffee-meter.CoffeeMeterWidget";
				PRODUCT_NAME = "$(TARGET_NAME)";
				SDKROOT = iphoneos;
				SKIP_INSTALL = YES;
				STRING_CATALOG_GENERATE_SYMBOLS = YES;
				SWIFT_APPROACHABLE_CONCURRENCY = YES;
				SWIFT_EMIT_LOC_STRINGS = YES;
				SWIFT_UPCOMING_FEATURE_MEMBER_IMPORT_VISIBILITY = YES;
				SWIFT_VERSION = 5.0;
				TARGETED_DEVICE_FAMILY = "1,2";
			};
			name = Debug;
		};
		579BBE05300A41F200502145 /* Release */ = {
			isa = XCBuildConfiguration;
			buildSettings = {
				ASSETCATALOG_COMPILER_GLOBAL_ACCENT_COLOR_NAME = AccentColor;
				ASSETCATALOG_COMPILER_WIDGET_BACKGROUND_COLOR_NAME = WidgetBackground;
				CODE_SIGN_ENTITLEMENTS = CoffeeMeterWidgetExtension.entitlements;
				CODE_SIGN_STYLE = Automatic;
				CURRENT_PROJECT_VERSION = 1;
				DEVELOPMENT_TEAM = CUZML8R4QZ;
				GENERATE_INFOPLIST_FILE = YES;
				INFOPLIST_FILE = CoffeeMeterWidget/Info.plist;
				INFOPLIST_KEY_CFBundleDisplayName = CoffeeMeterWidget;
				INFOPLIST_KEY_NSHumanReadableCopyright = "";
				IPHONEOS_DEPLOYMENT_TARGET = 26.5;
				LD_RUNPATH_SEARCH_PATHS = (
					"$(inherited)",
					"@executable_path/Frameworks",
					"@executable_path/../../Frameworks",
				);
				MARKETING_VERSION = 1.0;
				PRODUCT_BUNDLE_IDENTIFIER = "useless.com.coffee-meter.CoffeeMeterWidget";
				PRODUCT_NAME = "$(TARGET_NAME)";
				SDKROOT = iphoneos;
				SKIP_INSTALL = YES;
				STRING_CATALOG_GENERATE_SYMBOLS = YES;
				SWIFT_APPROACHABLE_CONCURRENCY = YES;
				SWIFT_EMIT_LOC_STRINGS = YES;
				SWIFT_UPCOMING_FEATURE_MEMBER_IMPORT_VISIBILITY = YES;
				SWIFT_VERSION = 5.0;
				TARGETED_DEVICE_FAMILY = "1,2";
				VALIDATE_PRODUCT = YES;
			};
			name = Release;
		};
		579BBE87300A550F00502145 /* Debug */ = {
			isa = XCBuildConfiguration;
			buildSettings = {
				ASSETCATALOG_COMPILER_APPICON_NAME = AppIcon;
				ASSETCATALOG_COMPILER_GLOBAL_ACCENT_COLOR_NAME = AccentColor;
				CODE_SIGN_ENTITLEMENTS = "CoffeeMeterWatch Watch App/CoffeeMeterWatch Watch App.entitlements";
				CODE_SIGN_STYLE = Automatic;
				CURRENT_PROJECT_VERSION = 1;
				DEVELOPMENT_TEAM = CUZML8R4QZ;
				ENABLE_PREVIEWS = YES;
				GENERATE_INFOPLIST_FILE = YES;
				INFOPLIST_KEY_CFBundleDisplayName = CoffeeMeterWatch;
				INFOPLIST_KEY_UISupportedInterfaceOrientations = "UIInterfaceOrientationPortrait UIInterfaceOrientationPortraitUpsideDown";
				INFOPLIST_KEY_WKCompanionAppBundleIdentifier = "useless.com.coffee-meter";
				LD_RUNPATH_SEARCH_PATHS = (
					"$(inherited)",
					"@executable_path/Frameworks",
				);
				MARKETING_VERSION = 1.0;
				PRODUCT_BUNDLE_IDENTIFIER = "useless.com.coffee-meter.watchkitapp";
				PRODUCT_NAME = "$(TARGET_NAME)";
				SDKROOT = watchos;
				SKIP_INSTALL = YES;
				STRING_CATALOG_GENERATE_SYMBOLS = YES;
				SWIFT_APPROACHABLE_CONCURRENCY = YES;
				SWIFT_DEFAULT_ACTOR_ISOLATION = MainActor;
				SWIFT_EMIT_LOC_STRINGS = YES;
				SWIFT_UPCOMING_FEATURE_MEMBER_IMPORT_VISIBILITY = YES;
				SWIFT_VERSION = 5.0;
				TARGETED_DEVICE_FAMILY = 4;
				WATCHOS_DEPLOYMENT_TARGET = 26.5;
			};
			name = Debug;
		};
		579BBE88300A550F00502145 /* Release */ = {
			isa = XCBuildConfiguration;
			buildSettings = {
				ASSETCATALOG_COMPILER_APPICON_NAME = AppIcon;
				ASSETCATALOG_COMPILER_GLOBAL_ACCENT_COLOR_NAME = AccentColor;
				CODE_SIGN_ENTITLEMENTS = "CoffeeMeterWatch Watch App/CoffeeMeterWatch Watch App.entitlements";
				CODE_SIGN_STYLE = Automatic;
				CURRENT_PROJECT_VERSION = 1;
				DEVELOPMENT_TEAM = CUZML8R4QZ;
				ENABLE_PREVIEWS = YES;
				GENERATE_INFOPLIST_FILE = YES;
				INFOPLIST_KEY_CFBundleDisplayName = CoffeeMeterWatch;
				INFOPLIST_KEY_UISupportedInterfaceOrientations = "UIInterfaceOrientationPortrait UIInterfaceOrientationPortraitUpsideDown";
				INFOPLIST_KEY_WKCompanionAppBundleIdentifier = "useless.com.coffee-meter";
				LD_RUNPATH_SEARCH_PATHS = (
					"$(inherited)",
					"@executable_path/Frameworks",
				);
				MARKETING_VERSION = 1.0;
				PRODUCT_BUNDLE_IDENTIFIER = "useless.com.coffee-meter.watchkitapp";
				PRODUCT_NAME = "$(TARGET_NAME)";
				SDKROOT = watchos;
				SKIP_INSTALL = YES;
				STRING_CATALOG_GENERATE_SYMBOLS = YES;
				SWIFT_APPROACHABLE_CONCURRENCY = YES;
				SWIFT_DEFAULT_ACTOR_ISOLATION = MainActor;
				SWIFT_EMIT_LOC_STRINGS = YES;
				SWIFT_UPCOMING_FEATURE_MEMBER_IMPORT_VISIBILITY = YES;
				SWIFT_VERSION = 5.0;
				TARGETED_DEVICE_FAMILY = 4;
				VALIDATE_PRODUCT = YES;
				WATCHOS_DEPLOYMENT_TARGET = 26.5;
			};
			name = Release;
		};
		579BBED6300A5EAB00502145 /* Debug */ = {
			isa = XCBuildConfiguration;
			buildSettings = {
				ASSETCATALOG_COMPILER_GLOBAL_ACCENT_COLOR_NAME = AccentColor;
				ASSETCATALOG_COMPILER_WIDGET_BACKGROUND_COLOR_NAME = WidgetBackground;
				CODE_SIGN_ENTITLEMENTS = CoffeeMeterWatchWidgetExtension.entitlements;
				CODE_SIGN_STYLE = Automatic;
				CURRENT_PROJECT_VERSION = 1;
				DEVELOPMENT_TEAM = CUZML8R4QZ;
				GENERATE_INFOPLIST_FILE = YES;
				INFOPLIST_FILE = CoffeeMeterWatchWidget/Info.plist;
				INFOPLIST_KEY_CFBundleDisplayName = CoffeeMeterWatchWidget;
				INFOPLIST_KEY_NSHumanReadableCopyright = "";
				LD_RUNPATH_SEARCH_PATHS = (
					"$(inherited)",
					"@executable_path/Frameworks",
					"@executable_path/../../Frameworks",
					"@executable_path/../../../../Frameworks",
				);
				MARKETING_VERSION = 1.0;
				PRODUCT_BUNDLE_IDENTIFIER = "useless.com.coffee-meter.watchkitapp.CoffeeMeterWatchWidget";
				PRODUCT_NAME = "$(TARGET_NAME)";
				SDKROOT = watchos;
				SKIP_INSTALL = YES;
				STRING_CATALOG_GENERATE_SYMBOLS = YES;
				SWIFT_APPROACHABLE_CONCURRENCY = YES;
				SWIFT_EMIT_LOC_STRINGS = YES;
				SWIFT_UPCOMING_FEATURE_MEMBER_IMPORT_VISIBILITY = YES;
				SWIFT_VERSION = 5.0;
				TARGETED_DEVICE_FAMILY = 4;
				WATCHOS_DEPLOYMENT_TARGET = 26.5;
			};
			name = Debug;
		};
		579BBED7300A5EAB00502145 /* Release */ = {
			isa = XCBuildConfiguration;
			buildSettings = {
				ASSETCATALOG_COMPILER_GLOBAL_ACCENT_COLOR_NAME = AccentColor;
				ASSETCATALOG_COMPILER_WIDGET_BACKGROUND_COLOR_NAME = WidgetBackground;
				CODE_SIGN_ENTITLEMENTS = CoffeeMeterWatchWidgetExtension.entitlements;
				CODE_SIGN_STYLE = Automatic;
				CURRENT_PROJECT_VERSION = 1;
				DEVELOPMENT_TEAM = CUZML8R4QZ;
				GENERATE_INFOPLIST_FILE = YES;
				INFOPLIST_FILE = CoffeeMeterWatchWidget/Info.plist;
				INFOPLIST_KEY_CFBundleDisplayName = CoffeeMeterWatchWidget;
				INFOPLIST_KEY_NSHumanReadableCopyright = "";
				LD_RUNPATH_SEARCH_PATHS = (
					"$(inherited)",
					"@executable_path/Frameworks",
					"@executable_path/../../Frameworks",
					"@executable_path/../../../../Frameworks",
				);
				MARKETING_VERSION = 1.0;
				PRODUCT_BUNDLE_IDENTIFIER = "useless.com.coffee-meter.watchkitapp.CoffeeMeterWatchWidget";
				PRODUCT_NAME = "$(TARGET_NAME)";
				SDKROOT = watchos;
				SKIP_INSTALL = YES;
				STRING_CATALOG_GENERATE_SYMBOLS = YES;
				SWIFT_APPROACHABLE_CONCURRENCY = YES;
				SWIFT_EMIT_LOC_STRINGS = YES;
				SWIFT_UPCOMING_FEATURE_MEMBER_IMPORT_VISIBILITY = YES;
				SWIFT_VERSION = 5.0;
				TARGETED_DEVICE_FAMILY = 4;
				VALIDATE_PRODUCT = YES;
				WATCHOS_DEPLOYMENT_TARGET = 26.5;
			};
			name = Release;
		};
		57AB94713007CB610023E995 /* Debug */ = {
			isa = XCBuildConfiguration;
			buildSettings = {
				ALWAYS_SEARCH_USER_PATHS = NO;
				ASSETCATALOG_COMPILER_GENERATE_SWIFT_ASSET_SYMBOL_EXTENSIONS = YES;
				CLANG_ANALYZER_NONNULL = YES;
				CLANG_ANALYZER_NUMBER_OBJECT_CONVERSION = YES_AGGRESSIVE;
				CLANG_CXX_LANGUAGE_STANDARD = "gnu++20";
				CLANG_ENABLE_MODULES = YES;
				CLANG_ENABLE_OBJC_ARC = YES;
				CLANG_ENABLE_OBJC_WEAK = YES;
				CLANG_WARN_BLOCK_CAPTURE_AUTORELEASING = YES;
				CLANG_WARN_BOOL_CONVERSION = YES;
				CLANG_WARN_COMMA = YES;
				CLANG_WARN_CONSTANT_CONVERSION = YES;
				CLANG_WARN_DEPRECATED_OBJC_IMPLEMENTATIONS = YES;
				CLANG_WARN_DIRECT_OBJC_ISA_USAGE = YES_ERROR;
				CLANG_WARN_DOCUMENTATION_COMMENTS = YES;
				CLANG_WARN_EMPTY_BODY = YES;
				CLANG_WARN_ENUM_CONVERSION = YES;
				CLANG_WARN_INFINITE_RECURSION = YES;
				CLANG_WARN_INT_CONVERSION = YES;
				CLANG_WARN_NON_LITERAL_NULL_CONVERSION = YES;
				CLANG_WARN_OBJC_IMPLICIT_RETAIN_SELF = YES;
				CLANG_WARN_OBJC_LITERAL_CONVERSION = YES;
				CLANG_WARN_OBJC_ROOT_CLASS = YES_ERROR;
				CLANG_WARN_QUOTED_INCLUDE_IN_FRAMEWORK_HEADER = YES;
				CLANG_WARN_RANGE_LOOP_ANALYSIS = YES;
				CLANG_WARN_STRICT_PROTOTYPES = YES;
				CLANG_WARN_SUSPICIOUS_MOVE = YES;
				CLANG_WARN_UNGUARDED_AVAILABILITY = YES_AGGRESSIVE;
				CLANG_WARN_UNREACHABLE_CODE = YES;
				CLANG_WARN__DUPLICATE_METHOD_MATCH = YES;
				COPY_PHASE_STRIP = NO;
				DEBUG_INFORMATION_FORMAT = dwarf;
				DEVELOPMENT_TEAM = CUZML8R4QZ;
				ENABLE_STRICT_OBJC_MSGSEND = YES;
				ENABLE_TESTABILITY = YES;
				ENABLE_USER_SCRIPT_SANDBOXING = YES;
				GCC_C_LANGUAGE_STANDARD = gnu17;
				GCC_DYNAMIC_NO_PIC = NO;
				GCC_NO_COMMON_BLOCKS = YES;
				GCC_OPTIMIZATION_LEVEL = 0;
				GCC_PREPROCESSOR_DEFINITIONS = (
					"DEBUG=1",
					"$(inherited)",
				);
				GCC_WARN_64_TO_32_BIT_CONVERSION = YES;
				GCC_WARN_ABOUT_RETURN_TYPE = YES_ERROR;
				GCC_WARN_UNDECLARED_SELECTOR = YES;
				GCC_WARN_UNINITIALIZED_AUTOS = YES_AGGRESSIVE;
				GCC_WARN_UNUSED_FUNCTION = YES;
				GCC_WARN_UNUSED_VARIABLE = YES;
				LOCALIZATION_PREFERS_STRING_CATALOGS = YES;
				MTL_ENABLE_DEBUG_INFO = INCLUDE_SOURCE;
				MTL_FAST_MATH = YES;
				ONLY_ACTIVE_ARCH = YES;
				SWIFT_ACTIVE_COMPILATION_CONDITIONS = "DEBUG $(inherited)";
				SWIFT_OPTIMIZATION_LEVEL = "-Onone";
			};
			name = Debug;
		};
		57AB94723007CB610023E995 /* Release */ = {
			isa = XCBuildConfiguration;
			buildSettings = {
				ALWAYS_SEARCH_USER_PATHS = NO;
				ASSETCATALOG_COMPILER_GENERATE_SWIFT_ASSET_SYMBOL_EXTENSIONS = YES;
				CLANG_ANALYZER_NONNULL = YES;
				CLANG_ANALYZER_NUMBER_OBJECT_CONVERSION = YES_AGGRESSIVE;
				CLANG_CXX_LANGUAGE_STANDARD = "gnu++20";
				CLANG_ENABLE_MODULES = YES;
				CLANG_ENABLE_OBJC_ARC = YES;
				CLANG_ENABLE_OBJC_WEAK = YES;
				CLANG_WARN_BLOCK_CAPTURE_AUTORELEASING = YES;
				CLANG_WARN_BOOL_CONVERSION = YES;
				CLANG_WARN_COMMA = YES;
				CLANG_WARN_CONSTANT_CONVERSION = YES;
				CLANG_WARN_DEPRECATED_OBJC_IMPLEMENTATIONS = YES;
				CLANG_WARN_DIRECT_OBJC_ISA_USAGE = YES_ERROR;
				CLANG_WARN_DOCUMENTATION_COMMENTS = YES;
				CLANG_WARN_EMPTY_BODY = YES;
				CLANG_WARN_ENUM_CONVERSION = YES;
				CLANG_WARN_INFINITE_RECURSION = YES;
				CLANG_WARN_INT_CONVERSION = YES;
				CLANG_WARN_NON_LITERAL_NULL_CONVERSION = YES;
				CLANG_WARN_OBJC_IMPLICIT_RETAIN_SELF = YES;
				CLANG_WARN_OBJC_LITERAL_CONVERSION = YES;
				CLANG_WARN_OBJC_ROOT_CLASS = YES_ERROR;
				CLANG_WARN_QUOTED_INCLUDE_IN_FRAMEWORK_HEADER = YES;
				CLANG_WARN_RANGE_LOOP_ANALYSIS = YES;
				CLANG_WARN_STRICT_PROTOTYPES = YES;
				CLANG_WARN_SUSPICIOUS_MOVE = YES;
				CLANG_WARN_UNGUARDED_AVAILABILITY = YES_AGGRESSIVE;
				CLANG_WARN_UNREACHABLE_CODE = YES;
				CLANG_WARN__DUPLICATE_METHOD_MATCH = YES;
				COPY_PHASE_STRIP = NO;
				DEBUG_INFORMATION_FORMAT = "dwarf-with-dsym";
				DEVELOPMENT_TEAM = CUZML8R4QZ;
				ENABLE_NS_ASSERTIONS = NO;
				ENABLE_STRICT_OBJC_MSGSEND = YES;
				ENABLE_USER_SCRIPT_SANDBOXING = YES;
				GCC_C_LANGUAGE_STANDARD = gnu17;
				GCC_NO_COMMON_BLOCKS = YES;
				GCC_WARN_64_TO_32_BIT_CONVERSION = YES;
				GCC_WARN_ABOUT_RETURN_TYPE = YES_ERROR;
				GCC_WARN_UNDECLARED_SELECTOR = YES;
				GCC_WARN_UNINITIALIZED_AUTOS = YES_AGGRESSIVE;
				GCC_WARN_UNUSED_FUNCTION = YES;
				GCC_WARN_UNUSED_VARIABLE = YES;
				LOCALIZATION_PREFERS_STRING_CATALOGS = YES;
				MTL_ENABLE_DEBUG_INFO = NO;
				MTL_FAST_MATH = YES;
				SWIFT_COMPILATION_MODE = wholemodule;
			};
			name = Release;
		};
		57AB94743007CB610023E995 /* Debug */ = {
			isa = XCBuildConfiguration;
			buildSettings = {
				ASSETCATALOG_COMPILER_APPICON_NAME = AppIcon;
				ASSETCATALOG_COMPILER_GLOBAL_ACCENT_COLOR_NAME = AccentColor;
				CODE_SIGN_ENTITLEMENTS = "coffee meter/coffee meter.entitlements";
				CODE_SIGN_STYLE = Automatic;
				CURRENT_PROJECT_VERSION = 1;
				DEVELOPMENT_TEAM = CUZML8R4QZ;
				ENABLE_APP_SANDBOX = YES;
				ENABLE_HARDENED_RUNTIME = YES;
				ENABLE_PREVIEWS = YES;
				ENABLE_USER_SELECTED_FILES = readonly;
				GENERATE_INFOPLIST_FILE = YES;
				"INFOPLIST_KEY_UIApplicationSceneManifest_Generation[sdk=iphoneos*]" = YES;
				"INFOPLIST_KEY_UIApplicationSceneManifest_Generation[sdk=iphonesimulator*]" = YES;
				"INFOPLIST_KEY_UIApplicationSupportsIndirectInputEvents[sdk=iphoneos*]" = YES;
				"INFOPLIST_KEY_UIApplicationSupportsIndirectInputEvents[sdk=iphonesimulator*]" = YES;
				"INFOPLIST_KEY_UILaunchScreen_Generation[sdk=iphoneos*]" = YES;
				"INFOPLIST_KEY_UILaunchScreen_Generation[sdk=iphonesimulator*]" = YES;
				"INFOPLIST_KEY_UIStatusBarStyle[sdk=iphoneos*]" = UIStatusBarStyleDefault;
				"INFOPLIST_KEY_UIStatusBarStyle[sdk=iphonesimulator*]" = UIStatusBarStyleDefault;
				INFOPLIST_KEY_UISupportedInterfaceOrientations_iPad = "UIInterfaceOrientationPortrait UIInterfaceOrientationPortraitUpsideDown UIInterfaceOrientationLandscapeLeft UIInterfaceOrientationLandscapeRight";
				INFOPLIST_KEY_UISupportedInterfaceOrientations_iPhone = "UIInterfaceOrientationPortrait UIInterfaceOrientationLandscapeLeft UIInterfaceOrientationLandscapeRight";
				IPHONEOS_DEPLOYMENT_TARGET = 26.5;
				LD_RUNPATH_SEARCH_PATHS = "@executable_path/Frameworks";
				"LD_RUNPATH_SEARCH_PATHS[sdk=macosx*]" = "@executable_path/../Frameworks";
				MACOSX_DEPLOYMENT_TARGET = 26.5;
				MARKETING_VERSION = 1.0;
				PRODUCT_BUNDLE_IDENTIFIER = "useless.com.coffee-meter";
				PRODUCT_NAME = "$(TARGET_NAME)";
				REGISTER_APP_GROUPS = YES;
				SDKROOT = auto;
				STRING_CATALOG_GENERATE_SYMBOLS = YES;
				SUPPORTED_PLATFORMS = "iphoneos iphonesimulator macosx xros xrsimulator";
				SWIFT_APPROACHABLE_CONCURRENCY = YES;
				SWIFT_DEFAULT_ACTOR_ISOLATION = MainActor;
				SWIFT_EMIT_LOC_STRINGS = YES;
				SWIFT_UPCOMING_FEATURE_MEMBER_IMPORT_VISIBILITY = YES;
				SWIFT_VERSION = 5.0;
				TARGETED_DEVICE_FAMILY = "1,2,7";
				XROS_DEPLOYMENT_TARGET = 26.5;
			};
			name = Debug;
		};
		57AB94753007CB610023E995 /* Release */ = {
			isa = XCBuildConfiguration;
			buildSettings = {
				ASSETCATALOG_COMPILER_APPICON_NAME = AppIcon;
				ASSETCATALOG_COMPILER_GLOBAL_ACCENT_COLOR_NAME = AccentColor;
				CODE_SIGN_ENTITLEMENTS = "coffee meter/coffee meter.entitlements";
				CODE_SIGN_STYLE = Automatic;
				CURRENT_PROJECT_VERSION = 1;
				DEVELOPMENT_TEAM = CUZML8R4QZ;
				ENABLE_APP_SANDBOX = YES;
				ENABLE_HARDENED_RUNTIME = YES;
				ENABLE_PREVIEWS = YES;
				ENABLE_USER_SELECTED_FILES = readonly;
				GENERATE_INFOPLIST_FILE = YES;
				"INFOPLIST_KEY_UIApplicationSceneManifest_Generation[sdk=iphoneos*]" = YES;
				"INFOPLIST_KEY_UIApplicationSceneManifest_Generation[sdk=iphonesimulator*]" = YES;
				"INFOPLIST_KEY_UIApplicationSupportsIndirectInputEvents[sdk=iphoneos*]" = YES;
				"INFOPLIST_KEY_UIApplicationSupportsIndirectInputEvents[sdk=iphonesimulator*]" = YES;
				"INFOPLIST_KEY_UILaunchScreen_Generation[sdk=iphoneos*]" = YES;
				"INFOPLIST_KEY_UILaunchScreen_Generation[sdk=iphonesimulator*]" = YES;
				"INFOPLIST_KEY_UIStatusBarStyle[sdk=iphoneos*]" = UIStatusBarStyleDefault;
				"INFOPLIST_KEY_UIStatusBarStyle[sdk=iphonesimulator*]" = UIStatusBarStyleDefault;
				INFOPLIST_KEY_UISupportedInterfaceOrientations_iPad = "UIInterfaceOrientationPortrait UIInterfaceOrientationPortraitUpsideDown UIInterfaceOrientationLandscapeLeft UIInterfaceOrientationLandscapeRight";
				INFOPLIST_KEY_UISupportedInterfaceOrientations_iPhone = "UIInterfaceOrientationPortrait UIInterfaceOrientationLandscapeLeft UIInterfaceOrientationLandscapeRight";
				IPHONEOS_DEPLOYMENT_TARGET = 26.5;
				LD_RUNPATH_SEARCH_PATHS = "@executable_path/Frameworks";
				"LD_RUNPATH_SEARCH_PATHS[sdk=macosx*]" = "@executable_path/../Frameworks";
				MACOSX_DEPLOYMENT_TARGET = 26.5;
				MARKETING_VERSION = 1.0;
				PRODUCT_BUNDLE_IDENTIFIER = "useless.com.coffee-meter";
				PRODUCT_NAME = "$(TARGET_NAME)";
				REGISTER_APP_GROUPS = YES;
				SDKROOT = auto;
				STRING_CATALOG_GENERATE_SYMBOLS = YES;
				SUPPORTED_PLATFORMS = "iphoneos iphonesimulator macosx xros xrsimulator";
				SWIFT_APPROACHABLE_CONCURRENCY = YES;
				SWIFT_DEFAULT_ACTOR_ISOLATION = MainActor;
				SWIFT_EMIT_LOC_STRINGS = YES;
				SWIFT_UPCOMING_FEATURE_MEMBER_IMPORT_VISIBILITY = YES;
				SWIFT_VERSION = 5.0;
				TARGETED_DEVICE_FAMILY = "1,2,7";
				XROS_DEPLOYMENT_TARGET = 26.5;
			};
			name = Release;
		};
		57AB94773007CB610023E995 /* Debug */ = {
			isa = XCBuildConfiguration;
			buildSettings = {
				BUNDLE_LOADER = "$(TEST_HOST)";
				CODE_SIGN_STYLE = Automatic;
				CURRENT_PROJECT_VERSION = 1;
				DEVELOPMENT_TEAM = CUZML8R4QZ;
				GENERATE_INFOPLIST_FILE = YES;
				IPHONEOS_DEPLOYMENT_TARGET = 26.5;
				MACOSX_DEPLOYMENT_TARGET = 26.5;
				MARKETING_VERSION = 1.0;
				PRODUCT_BUNDLE_IDENTIFIER = "useless.com.coffee-meterTests";
				PRODUCT_NAME = "$(TARGET_NAME)";
				SDKROOT = auto;
				STRING_CATALOG_GENERATE_SYMBOLS = NO;
				SUPPORTED_PLATFORMS = "iphoneos iphonesimulator macosx xros xrsimulator";
				SWIFT_APPROACHABLE_CONCURRENCY = YES;
				SWIFT_EMIT_LOC_STRINGS = NO;
				SWIFT_UPCOMING_FEATURE_MEMBER_IMPORT_VISIBILITY = YES;
				SWIFT_VERSION = 5.0;
				TARGETED_DEVICE_FAMILY = "1,2,7";
				TEST_HOST = "$(BUILT_PRODUCTS_DIR)/coffee meter.app/$(BUNDLE_EXECUTABLE_FOLDER_PATH)/coffee meter";
				XROS_DEPLOYMENT_TARGET = 26.5;
			};
			name = Debug;
		};
		57AB94783007CB610023E995 /* Release */ = {
			isa = XCBuildConfiguration;
			buildSettings = {
				BUNDLE_LOADER = "$(TEST_HOST)";
				CODE_SIGN_STYLE = Automatic;
				CURRENT_PROJECT_VERSION = 1;
				DEVELOPMENT_TEAM = CUZML8R4QZ;
				GENERATE_INFOPLIST_FILE = YES;
				IPHONEOS_DEPLOYMENT_TARGET = 26.5;
				MACOSX_DEPLOYMENT_TARGET = 26.5;
				MARKETING_VERSION = 1.0;
				PRODUCT_BUNDLE_IDENTIFIER = "useless.com.coffee-meterTests";
				PRODUCT_NAME = "$(TARGET_NAME)";
				SDKROOT = auto;
				STRING_CATALOG_GENERATE_SYMBOLS = NO;
				SUPPORTED_PLATFORMS = "iphoneos iphonesimulator macosx xros xrsimulator";
				SWIFT_APPROACHABLE_CONCURRENCY = YES;
				SWIFT_EMIT_LOC_STRINGS = NO;
				SWIFT_UPCOMING_FEATURE_MEMBER_IMPORT_VISIBILITY = YES;
				SWIFT_VERSION = 5.0;
				TARGETED_DEVICE_FAMILY = "1,2,7";
				TEST_HOST = "$(BUILT_PRODUCTS_DIR)/coffee meter.app/$(BUNDLE_EXECUTABLE_FOLDER_PATH)/coffee meter";
				XROS_DEPLOYMENT_TARGET = 26.5;
			};
			name = Release;
		};
		57AB947A3007CB610023E995 /* Debug */ = {
			isa = XCBuildConfiguration;
			buildSettings = {
				CODE_SIGN_STYLE = Automatic;
				CURRENT_PROJECT_VERSION = 1;
				DEVELOPMENT_TEAM = CUZML8R4QZ;
				GENERATE_INFOPLIST_FILE = YES;
				IPHONEOS_DEPLOYMENT_TARGET = 26.5;
				MACOSX_DEPLOYMENT_TARGET = 26.5;
				MARKETING_VERSION = 1.0;
				PRODUCT_BUNDLE_IDENTIFIER = "useless.com.coffee-meterUITests";
				PRODUCT_NAME = "$(TARGET_NAME)";
				SDKROOT = auto;
				STRING_CATALOG_GENERATE_SYMBOLS = NO;
				SUPPORTED_PLATFORMS = "iphoneos iphonesimulator macosx xros xrsimulator";
				SWIFT_APPROACHABLE_CONCURRENCY = YES;
				SWIFT_EMIT_LOC_STRINGS = NO;
				SWIFT_UPCOMING_FEATURE_MEMBER_IMPORT_VISIBILITY = YES;
				SWIFT_VERSION = 5.0;
				TARGETED_DEVICE_FAMILY = "1,2,7";
				TEST_TARGET_NAME = "coffee meter";
				XROS_DEPLOYMENT_TARGET = 26.5;
			};
			name = Debug;
		};
		57AB947B3007CB610023E995 /* Release */ = {
			isa = XCBuildConfiguration;
			buildSettings = {
				CODE_SIGN_STYLE = Automatic;
				CURRENT_PROJECT_VERSION = 1;
				DEVELOPMENT_TEAM = CUZML8R4QZ;
				GENERATE_INFOPLIST_FILE = YES;
				IPHONEOS_DEPLOYMENT_TARGET = 26.5;
				MACOSX_DEPLOYMENT_TARGET = 26.5;
				MARKETING_VERSION = 1.0;
				PRODUCT_BUNDLE_IDENTIFIER = "useless.com.coffee-meterUITests";
				PRODUCT_NAME = "$(TARGET_NAME)";
				SDKROOT = auto;
				STRING_CATALOG_GENERATE_SYMBOLS = NO;
				SUPPORTED_PLATFORMS = "iphoneos iphonesimulator macosx xros xrsimulator";
				SWIFT_APPROACHABLE_CONCURRENCY = YES;
				SWIFT_EMIT_LOC_STRINGS = NO;
				SWIFT_UPCOMING_FEATURE_MEMBER_IMPORT_VISIBILITY = YES;
				SWIFT_VERSION = 5.0;
				TARGETED_DEVICE_FAMILY = "1,2,7";
				TEST_TARGET_NAME = "coffee meter";
				XROS_DEPLOYMENT_TARGET = 26.5;
			};
			name = Release;
		};
/* End XCBuildConfiguration section */

/* Begin XCConfigurationList section */
		579BBE03300A41F200502145 /* Build configuration list for PBXNativeTarget "CoffeeMeterWidgetExtension" */ = {
			isa = XCConfigurationList;
			buildConfigurations = (
				579BBE04300A41F200502145 /* Debug */,
				579BBE05300A41F200502145 /* Release */,
			);
			defaultConfigurationIsVisible = 0;
			defaultConfigurationName = Release;
		};
		579BBE86300A550F00502145 /* Build configuration list for PBXNativeTarget "CoffeeMeterWatch Watch App" */ = {
			isa = XCConfigurationList;
			buildConfigurations = (
				579BBE87300A550F00502145 /* Debug */,
				579BBE88300A550F00502145 /* Release */,
			);
			defaultConfigurationIsVisible = 0;
			defaultConfigurationName = Release;
		};
		579BBED5300A5EAB00502145 /* Build configuration list for PBXNativeTarget "CoffeeMeterWatchWidgetExtension" */ = {
			isa = XCConfigurationList;
			buildConfigurations = (
				579BBED6300A5EAB00502145 /* Debug */,
				579BBED7300A5EAB00502145 /* Release */,
			);
			defaultConfigurationIsVisible = 0;
			defaultConfigurationName = Release;
		};
		57AB944B3007CB5F0023E995 /* Build configuration list for PBXProject "coffee meter" */ = {
			isa = XCConfigurationList;
			buildConfigurations = (
				57AB94713007CB610023E995 /* Debug */,
				57AB94723007CB610023E995 /* Release */,
			);
			defaultConfigurationIsVisible = 0;
			defaultConfigurationName = Release;
		};
		57AB94733007CB610023E995 /* Build configuration list for PBXNativeTarget "coffee meter" */ = {
			isa = XCConfigurationList;
			buildConfigurations = (
				57AB94743007CB610023E995 /* Debug */,
				57AB94753007CB610023E995 /* Release */,
			);
			defaultConfigurationIsVisible = 0;
			defaultConfigurationName = Release;
		};
		57AB94763007CB610023E995 /* Build configuration list for PBXNativeTarget "coffee meterTests" */ = {
			isa = XCConfigurationList;
			buildConfigurations = (
				57AB94773007CB610023E995 /* Debug */,
				57AB94783007CB610023E995 /* Release */,
			);
			defaultConfigurationIsVisible = 0;
			defaultConfigurationName = Release;
		};
		57AB94793007CB610023E995 /* Build configuration list for PBXNativeTarget "coffee meterUITests" */ = {
			isa = XCConfigurationList;
			buildConfigurations = (
				57AB947A3007CB610023E995 /* Debug */,
				57AB947B3007CB610023E995 /* Release */,
			);
			defaultConfigurationIsVisible = 0;
			defaultConfigurationName = Release;
		};
/* End XCConfigurationList section */

/* Begin XCRemoteSwiftPackageReference section */
		579BBF2F300A879E00502145 /* XCRemoteSwiftPackageReference "firebase-ios-sdk" */ = {
			isa = XCRemoteSwiftPackageReference;
			repositoryURL = "https://github.com/firebase/firebase-ios-sdk";
			requirement = {
				kind = upToNextMajorVersion;
				minimumVersion = 11.0.0;
			};
		};
/* End XCRemoteSwiftPackageReference section */

/* Begin XCSwiftPackageProductDependency section */
		579BBF30300A879E00502145 /* FirebaseAnalytics */ = {
			isa = XCSwiftPackageProductDependency;
			package = 579BBF2F300A879E00502145 /* XCRemoteSwiftPackageReference "firebase-ios-sdk" */;
			productName = FirebaseAnalytics;
		};
		579BBF32300A879E00502145 /* FirebaseCrashlytics */ = {
			isa = XCSwiftPackageProductDependency;
			package = 579BBF2F300A879E00502145 /* XCRemoteSwiftPackageReference "firebase-ios-sdk" */;
			productName = FirebaseCrashlytics;
		};
/* End XCSwiftPackageProductDependency section */
	};
	rootObject = 57AB94483007CB5F0023E995 /* Project object */;
}
